
Microsoft Visual Studio Solution File, Format Version 12.00
# Visual Studio 2012
Project("{FAE04EC0-301F-11D3-BF4B-00C04F79EFBC}") = "Hello_Mac_CS", "Hello_Mac_CS\Hello_Mac_CS.csproj", "{8F7AFD1C-3A88-4EAF-97CB-212BCFF437EA}"
EndProject
Global
	GlobalSection(SolutionConfigurationPlatforms) = preSolution
		Debug|Any CPU = Debug|Any CPU
		Release|Any CPU = Release|Any CPU
	EndGlobalSection
	GlobalSection(ProjectConfigurationPlatforms) = postSolution
		{8F7AFD1C-3A88-4EAF-97CB-212BCFF437EA}.Debug|Any CPU.ActiveCfg = Debug|Any CPU
		{8F7AFD1C-3A88-4EAF-97CB-212BCFF437EA}.Debug|Any CPU.Build.0 = Debug|Any CPU
		{8F7AFD1C-3A88-4EAF-97CB-212BCFF437EA}.Release|Any CPU.ActiveCfg = Release|Any CPU
		{8F7AFD1C-3A88-4EAF-97CB-212BCFF437EA}.Release|Any CPU.Build.0 = Release|Any CPU
	EndGlobalSection
EndGlobal
